
Microsoft Visual Studio Solution File, Format Version 12.00
# Visual Studio Version 17
VisualStudioVersion = 17.0.31919.166
MinimumVisualStudioVersion = 10.0.40219.1
Project("{FAE04EC0-301F-11D3-BF4B-00C04F79EFBC}") = "BMI", "BMI\BMI.csproj", "{D7D2F75F-C72F-4D26-B34C-A1ABEC35A093}"
EndProject
Global
	GlobalSection(SolutionConfigurationPlatforms) = preSolution
		Debug|Any CPU = Debug|Any CPU
		Release|Any CPU = Release|Any CPU
	EndGlobalSection
	GlobalSection(ProjectConfigurationPlatforms) = postSolution
		{D7D2F75F-C72F-4D26-B34C-A1ABEC35A093}.Debug|Any CPU.ActiveCfg = Debug|Any CPU
		{D7D2F75F-C72F-4D26-B34C-A1ABEC35A093}.Debug|Any CPU.Build.0 = Debug|Any CPU
		{D7D2F75F-C72F-4D26-B34C-A1ABEC35A093}.Release|Any CPU.ActiveCfg = Release|Any CPU
		{D7D2F75F-C72F-4D26-B34C-A1ABEC35A093}.Release|Any CPU.Build.0 = Release|Any CPU
	EndGlobalSection
	GlobalSection(SolutionProperties) = preSolution
		HideSolutionNode = FALSE
	EndGlobalSection
	GlobalSection(ExtensibilityGlobals) = postSolution
		SolutionGuid = {F5E290E8-46BB-47EA-884B-5C9E80C9D00E}
	EndGlobalSection
EndGlobal
